// !$*UTF8*$!
{
	archiveVersion = 1;
	classes = {
	};
	objectVersion = 46;
	objects = {

/* Begin PBXBuildFile section */
		B4D89D231C34EBB000790F7F /* AppDelegate.swift in Sources */ = {isa = PBXBuildFile; fileRef = B4D89D221C34EBB000790F7F /* AppDelegate.swift */; };
		B4D89D251C34EBB000790F7F /* FirstViewController.swift in Sources */ = {isa = PBXBuildFile; fileRef = B4D89D241C34EBB000790F7F /* FirstViewController.swift */; };
		B4D89D271C34EBB000790F7F /* SecondViewController.swift in Sources */ = {isa = PBXBuildFile; fileRef = B4D89D261C34EBB000790F7F /* SecondViewController.swift */; };
		B4D89D2A1C34EBB000790F7F /* Main.storyboard in Resources */ = {isa = PBXBuildFile; fileRef = B4D89D281C34EBB000790F7F /* Main.storyboard */; };
		B4D89D2C1C34EBB000790F7F /* Images.xcassets in Resources */ = {isa = PBXBuildFile; fileRef = B4D89D2B1C34EBB000790F7F /* Images.xcassets */; };
		B4D89D2F1C34EBB000790F7F /* LaunchScreen.xib in Resources */ = {isa = PBXBuildFile; fileRef = B4D89D2D1C34EBB000790F7F /* LaunchScreen.xib */; };
		B4D89D3B1C34EBB100790F7F /* better_busTests.swift in Sources */ = {isa = PBXBuildFile; fileRef = B4D89D3A1C34EBB100790F7F /* better_busTests.swift */; };
/* End PBXBuildFile section */

/* Begin PBXContainerItemProxy section */
		B4D89D351C34EBB100790F7F /* PBXContainerItemProxy */ = {
			isa = PBXContainerItemProxy;
			containerPortal = B4D89D151C34EBB000790F7F /* Project object */;
			proxyType = 1;
			remoteGlobalIDString = B4D89D1C1C34EBB000790F7F;
			remoteInfo = "better-bus";
		};
/* End PBXContainerItemProxy section */

/* Begin PBXFileReference section */
		B4D89D1D1C34EBB000790F7F /* better-bus.app */ = {isa = PBXFileReference; explicitFileType = wrapper.application; includeInIndex = 0; path = "better-bus.app"; sourceTree = BUILT_PRODUCTS_DIR; };
		B4D89D211C34EBB000790F7F /* Info.plist */ = {isa = PBXFileReference; lastKnownFileType = text.plist.xml; path = Info.plist; sourceTree = "<group>"; };
		B4D89D221C34EBB000790F7F /* AppDelegate.swift */ = {isa = PBXFileReference; lastKnownFileType = sourcecode.swift; path = AppDelegate.swift; sourceTree = "<group>"; };
		B4D89D241C34EBB000790F7F /* FirstViewController.swift */ = {isa = PBXFileReference; lastKnownFileType = sourcecode.swift; path = FirstViewController.swift; sourceTree = "<group>"; };
		B4D89D261C34EBB000790F7F /* SecondViewController.swift */ = {isa = PBXFileReference; lastKnownFileType = sourcecode.swift; path = SecondViewController.swift; sourceTree = "<group>"; };
		B4D89D291C34EBB000790F7F /* Base */ = {isa = PBXFileReference; lastKnownFileType = file.storyboard; name = Base; path = Base.lproj/Main.storyboard; sourceTree = "<group>"; };
		B4D89D2B1C34EBB000790F7F /* Images.xcassets */ = {isa = PBXFileReference; lastKnownFileType = folder.assetcatalog; path = Images.xcassets; sourceTree = "<group>"; };
		B4D89D2E1C34EBB000790F7F /* Base */ = {isa = PBXFileReference; lastKnownFileType = file.xib; name = Base; path = Base.lproj/LaunchScreen.xib; sourceTree = "<group>"; };
		B4D89D341C34EBB100790F7F /* better-busTests.xctest */ = {isa = PBXFileReference; explicitFileType = wrapper.cfbundle; includeInIndex = 0; path = "better-busTests.xctest"; sourceTree = BUILT_PRODUCTS_DIR; };
		B4D89D391C34EBB100790F7F /* Info.plist */ = {isa = PBXFileReference; lastKnownFileType = text.plist.xml; path = Info.plist; sourceTree = "<group>"; };
		B4D89D3A1C34EBB100790F7F /* better_busTests.swift */ = {isa = PBXFileReference; lastKnownFileType = sourcecode.swift; path = better_busTests.swift; sourceTree = "<group>"; };
/* End PBXFileReference section */

/* Begin PBXFrameworksBuildPhase section */
		B4D89D1A1C34EBB000790F7F /* Frameworks */ = {
			isa = PBXFrameworksBuildPhase;
			buildActionMask = 2147483647;
			files = (
			);
			runOnlyForDeploymentPostprocessing = 0;
		};
		B4D89D311C34EBB100790F7F /* Frameworks */ = {
			isa = PBXFrameworksBuildPhase;
			buildActionMask = 2147483647;
			files = (
			);
			runOnlyForDeploymentPostprocessing = 0;
		};
/* End PBXFrameworksBuildPhase section */

/* Begin PBXGroup section */
		B4D89D141C34EBB000790F7F = {
			isa = PBXGroup;
			children = (
				B4D89D1F1C34EBB000790F7F /* better-bus */,
				B4D89D371C34EBB100790F7F /* better-busTests */,
				B4D89D1E1C34EBB000790F7F /* Products */,
			);
			sourceTree = "<group>";
		};
		B4D89D1E1C34EBB000790F7F /* Products */ = {
			isa = PBXGroup;
			children = (
				B4D89D1D1C34EBB000790F7F /* better-bus.app */,
				B4D89D341C34EBB100790F7F /* better-busTests.xctest */,
			);
			name = Products;
			sourceTree = "<group>";
		};
		B4D89D1F1C34EBB000790F7F /* better-bus */ = {
			isa = PBXGroup;
			children = (
				B4D89D221C34EBB000790F7F /* AppDelegate.swift */,
				B4D89D241C34EBB000790F7F /* FirstViewController.swift */,
				B4D89D261C34EBB000790F7F /* SecondViewController.swift */,
				B4D89D281C34EBB000790F7F /* Main.storyboard */,
				B4D89D2B1C34EBB000790F7F /* Images.xcassets */,
				B4D89D2D1C34EBB000790F7F /* LaunchScreen.xib */,
				B4D89D201C34EBB000790F7F /* Supporting Files */,
			);
			path = "better-bus";
			sourceTree = "<group>";
		};
		B4D89D201C34EBB000790F7F /* Supporting Files */ = {
			isa = PBXGroup;
			children = (
				B4D89D211C34EBB000790F7F /* Info.plist */,
			);
			name = "Supporting Files";
			sourceTree = "<group>";
		};
		B4D89D371C34EBB100790F7F /* better-busTests */ = {
			isa = PBXGroup;
			children = (
				B4D89D3A1C34EBB100790F7F /* better_busTests.swift */,
				B4D89D381C34EBB100790F7F /* Supporting Files */,
			);
			path = "better-busTests";
			sourceTree = "<group>";
		};
		B4D89D381C34EBB100790F7F /* Supporting Files */ = {
			isa = PBXGroup;
			children = (
				B4D89D391C34EBB100790F7F /* Info.plist */,
			);
			name = "Supporting Files";
			sourceTree = "<group>";
		};
/* End PBXGroup section */

/* Begin PBXNativeTarget section */
		B4D89D1C1C34EBB000790F7F /* better-bus */ = {
			isa = PBXNativeTarget;
			buildConfigurationList = B4D89D3E1C34EBB100790F7F /* Build configuration list for PBXNativeTarget "better-bus" */;
			buildPhases = (
				B4D89D191C34EBB000790F7F /* Sources */,
				B4D89D1A1C34EBB000790F7F /* Frameworks */,
				B4D89D1B1C34EBB000790F7F /* Resources */,
			);
			buildRules = (
			);
			dependencies = (
			);
			name = "better-bus";
			productName = "better-bus";
			productReference = B4D89D1D1C34EBB000790F7F /* better-bus.app */;
			productType = "com.apple.product-type.application";
		};
		B4D89D331C34EBB100790F7F /* better-busTests */ = {
			isa = PBXNativeTarget;
			buildConfigurationList = B4D89D411C34EBB100790F7F /* Build configuration list for PBXNativeTarget "better-busTests" */;
			buildPhases = (
				B4D89D301C34EBB100790F7F /* Sources */,
				B4D89D311C34EBB100790F7F /* Frameworks */,
				B4D89D321C34EBB100790F7F /* Resources */,
			);
			buildRules = (
			);
			dependencies = (
				B4D89D361C34EBB100790F7F /* PBXTargetDependency */,
			);
			name = "better-busTests";
			productName = "better-busTests";
			productReference = B4D89D341C34EBB100790F7F /* better-busTests.xctest */;
			productType = "com.apple.product-type.bundle.unit-test";
		};
/* End PBXNativeTarget section */

/* Begin PBXProject section */
		B4D89D151C34EBB000790F7F /* Project object */ = {
			isa = PBXProject;
			attributes = {
				LastUpgradeCheck = 0640;
				ORGANIZATIONNAME = "Sean Nakamura";
				TargetAttributes = {
					B4D89D1C1C34EBB000790F7F = {
						CreatedOnToolsVersion = 6.4;
					};
					B4D89D331C34EBB100790F7F = {
						CreatedOnToolsVersion = 6.4;
						TestTargetID = B4D89D1C1C34EBB000790F7F;
					};
				};
			};
			buildConfigurationList = B4D89D181C34EBB000790F7F /* Build configuration list for PBXProject "better-bus" */;
			compatibilityVersion = "Xcode 3.2";
			developmentRegion = English;
			hasScannedForEncodings = 0;
			knownRegions = (
				en,
				Base,
			);
			mainGroup = B4D89D141C34EBB000790F7F;
			productRefGroup = B4D89D1E1C34EBB000790F7F /* Products */;
			projectDirPath = "";
			projectRoot = "";
			targets = (
				B4D89D1C1C34EBB000790F7F /* better-bus */,
				B4D89D331C34EBB100790F7F /* better-busTests */,
			);
		};
/* End PBXProject section */

/* Begin PBXResourcesBuildPhase section */
		B4D89D1B1C34EBB000790F7F /* Resources */ = {
			isa = PBXResourcesBuildPhase;
			buildActionMask = 2147483647;
			files = (
				B4D89D2A1C34EBB000790F7F /* Main.storyboard in Resources */,
				B4D89D2F1C34EBB000790F7F /* LaunchScreen.xib in Resources */,
				B4D89D2C1C34EBB000790F7F /* Images.xcassets in Resources */,
			);
			runOnlyForDeploymentPostprocessing = 0;
		};
		B4D89D321C34EBB100790F7F /* Resources */ = {
			isa = PBXResourcesBuildPhase;
			buildActionMask = 2147483647;
			files = (
			);
			runOnlyForDeploymentPostprocessing = 0;
		};
/* End PBXResourcesBuildPhase section */

/* Begin PBXSourcesBuildPhase section */
		B4D89D191C34EBB000790F7F /* Sources */ = {
			isa = PBXSourcesBuildPhase;
			buildActionMask = 2147483647;
			files = (
				B4D89D271C34EBB000790F7F /* SecondViewController.swift in Sources */,
				B4D89D231C34EBB000790F7F /* AppDelegate.swift in Sources */,
				B4D89D251C34EBB000790F7F /* FirstViewController.swift in Sources */,
			);
			runOnlyForDeploymentPostprocessing = 0;
		};
		B4D89D301C34EBB100790F7F /* Sources */ = {
			isa = PBXSourcesBuildPhase;
			buildActionMask = 2147483647;
			files = (
				B4D89D3B1C34EBB100790F7F /* better_busTests.swift in Sources */,
			);
			runOnlyForDeploymentPostprocessing = 0;
		};
/* End PBXSourcesBuildPhase section */

/* Begin PBXTargetDependency section */
		B4D89D361C34EBB100790F7F /* PBXTargetDependency */ = {
			isa = PBXTargetDependency;
			target = B4D89D1C1C34EBB000790F7F /* better-bus */;
			targetProxy = B4D89D351C34EBB100790F7F /* PBXContainerItemProxy */;
		};
/* End PBXTargetDependency section */

/* Begin PBXVariantGroup section */
		B4D89D281C34EBB000790F7F /* Main.storyboard */ = {
			isa = PBXVariantGroup;
			children = (
				B4D89D291C34EBB000790F7F /* Base */,
			);
			name = Main.storyboard;
			sourceTree = "<group>";
		};
		B4D89D2D1C34EBB000790F7F /* LaunchScreen.xib */ = {
			isa = PBXVariantGroup;
			children = (
				B4D89D2E1C34EBB000790F7F /* Base */,
			);
			name = LaunchScreen.xib;
			sourceTree = "<group>";
		};
/* End PBXVariantGroup section */

/* Begin XCBuildConfiguration section */
		B4D89D3C1C34EBB100790F7F /* Debug */ = {
			isa = XCBuildConfiguration;
			buildSettings = {
				ALWAYS_SEARCH_USER_PATHS = NO;
				CLANG_CXX_LANGUAGE_STANDARD = "gnu++0x";
				CLANG_CXX_LIBRARY = "libc++";
				CLANG_ENABLE_MODULES = YES;
				CLANG_ENABLE_OBJC_ARC = YES;
				CLANG_WARN_BOOL_CONVERSION = YES;
				CLANG_WARN_CONSTANT_CONVERSION = YES;
				CLANG_WARN_DIRECT_OBJC_ISA_USAGE = YES_ERROR;
				CLANG_WARN_EMPTY_BODY = YES;
				CLANG_WARN_ENUM_CONVERSION = YES;
				CLANG_WARN_INT_CONVERSION = YES;
				CLANG_WARN_OBJC_ROOT_CLASS = YES_ERROR;
				CLANG_WARN_UNREACHABLE_CODE = YES;
				CLANG_WARN__DUPLICATE_METHOD_MATCH = YES;
				"CODE_SIGN_IDENTITY[sdk=iphoneos*]" = "iPhone Developer";
				COPY_PHASE_STRIP = NO;
				DEBUG_INFORMATION_FORMAT = "dwarf-with-dsym";
				ENABLE_STRICT_OBJC_MSGSEND = YES;
				GCC_C_LANGUAGE_STANDARD = gnu99;
				GCC_DYNAMIC_NO_PIC = NO;
				GCC_NO_COMMON_BLOCKS = YES;
				GCC_OPTIMIZATION_LEVEL = 0;
				GCC_PREPROCESSOR_DEFINITIONS = (
					"DEBUG=1",
					"$(inherited)",
				);
				GCC_SYMBOLS_PRIVATE_EXTERN = NO;
				GCC_WARN_64_TO_32_BIT_CONVERSION = YES;
				GCC_WARN_ABOUT_RETURN_TYPE = YES_ERROR;
				GCC_WARN_UNDECLARED_SELECTOR = YES;
				GCC_WARN_UNINITIALIZED_AUTOS = YES_AGGRESSIVE;
				GCC_WARN_UNUSED_FUNCTION = YES;
				GCC_WARN_UNUSED_VARIABLE = YES;
				IPHONEOS_DEPLOYMENT_TARGET = 8.4;
				MTL_ENABLE_DEBUG_INFO = YES;
				ONLY_ACTIVE_ARCH = YES;
				SDKROOT = iphoneos;
				SWIFT_OPTIMIZATION_LEVEL = "-Onone";
				TARGETED_DEVICE_FAMILY = "1,2";
			};
			name = Debug;
		};
		B4D89D3D1C34EBB100790F7F /* Release */ = {
			isa = XCBuildConfiguration;
			buildSettings = {
				ALWAYS_SEARCH_USER_PATHS = NO;
				CLANG_CXX_LANGUAGE_STANDARD = "gnu++0x";
				CLANG_CXX_LIBRARY = "libc++";
				CLANG_ENABLE_MODULES = YES;
				CLANG_ENABLE_OBJC_ARC = YES;
				CLANG_WARN_BOOL_CONVERSION = YES;
				CLANG_WARN_CONSTANT_CONVERSION = YES;
				CLANG_WARN_DIRECT_OBJC_ISA_USAGE = YES_ERROR;
				CLANG_WARN_EMPTY_BODY = YES;
				CLANG_WARN_ENUM_CONVERSION = YES;
				CLANG_WARN_INT_CONVERSION = YES;
				CLANG_WARN_OBJC_ROOT_CLASS = YES_ERROR;
				CLANG_WARN_UNREACHABLE_CODE = YES;
				CLANG_WARN__DUPLICATE_METHOD_MATCH = YES;
				"CODE_SIGN_IDENTITY[sdk=iphoneos*]" = "iPhone Developer";
				COPY_PHASE_STRIP = NO;
				DEBUG_INFORMATION_FORMAT = "dwarf-with-dsym";
				ENABLE_NS_ASSERTIONS = NO;
				ENABLE_STRICT_OBJC_MSGSEND = YES;
				GCC_C_LANGUAGE_STANDARD = gnu99;
				GCC_NO_COMMON_BLOCKS = YES;
				GCC_WARN_64_TO_32_BIT_CONVERSION = YES;
				GCC_WARN_ABOUT_RETURN_TYPE = YES_ERROR;
				GCC_WARN_UNDECLARED_SELECTOR = YES;
				GCC_WARN_UNINITIALIZED_AUTOS = YES_AGGRESSIVE;
				GCC_WARN_UNUSED_FUNCTION = YES;
				GCC_WARN_UNUSED_VARIABLE = YES;
				IPHONEOS_DEPLOYMENT_TARGET = 8.4;
				MTL_ENABLE_DEBUG_INFO = NO;
				SDKROOT = iphoneos;
				TARGETED_DEVICE_FAMILY = "1,2";
				VALIDATE_PRODUCT = YES;
			};
			name = Release;
		};
		B4D89D3F1C34EBB100790F7F /* Debug */ = {
			isa = XCBuildConfiguration;
			buildSettings = {
				ASSETCATALOG_COMPILER_APPICON_NAME = AppIcon;
				INFOPLIST_FILE = "better-bus/Info.plist";
				LD_RUNPATH_SEARCH_PATHS = "$(inherited) @executable_path/Frameworks";
				PRODUCT_NAME = "$(TARGET_NAME)";
			};
			name = Debug;
		};
		B4D89D401C34EBB100790F7F /* Release */ = {
			isa = XCBuildConfiguration;
			buildSettings = {
				ASSETCATALOG_COMPILER_APPICON_NAME = AppIcon;
				INFOPLIST_FILE = "better-bus/Info.plist";
				LD_RUNPATH_SEARCH_PATHS = "$(inherited) @executable_path/Frameworks";
				PRODUCT_NAME = "$(TARGET_NAME)";
			};
			name = Release;
		};
		B4D89D421C34EBB100790F7F /* Debug */ = {
			isa = XCBuildConfiguration;
			buildSettings = {
				BUNDLE_LOADER = "$(TEST_HOST)";
				FRAMEWORK_SEARCH_PATHS = (
					"$(SDKROOT)/Developer/Library/Frameworks",
					"$(inherited)",
				);
				GCC_PREPROCESSOR_DEFINITIONS = (
					"DEBUG=1",
					"$(inherited)",
				);
				INFOPLIST_FILE = "better-busTests/Info.plist";
				LD_RUNPATH_SEARCH_PATHS = "$(inherited) @executable_path/Frameworks @loader_path/Frameworks";
				PRODUCT_NAME = "$(TARGET_NAME)";
				TEST_HOST = "$(BUILT_PRODUCTS_DIR)/better-bus.app/better-bus";
			};
			name = Debug;
		};
		B4D89D431C34EBB100790F7F /* Release */ = {
			isa = XCBuildConfiguration;
			buildSettings = {
				BUNDLE_LOADER = "$(TEST_HOST)";
				FRAMEWORK_SEARCH_PATHS = (
					"$(SDKROOT)/Developer/Library/Frameworks",
					"$(inherited)",
				);
				INFOPLIST_FILE = "better-busTests/Info.plist";
				LD_RUNPATH_SEARCH_PATHS = "$(inherited) @executable_path/Frameworks @loader_path/Frameworks";
				PRODUCT_NAME = "$(TARGET_NAME)";
				TEST_HOST = "$(BUILT_PRODUCTS_DIR)/better-bus.app/better-bus";
			};
			name = Release;
		};
/* End XCBuildConfiguration section */

/* Begin XCConfigurationList section */
		B4D89D181C34EBB000790F7F /* Build configuration list for PBXProject "better-bus" */ = {
			isa = XCConfigurationList;
			buildConfigurations = (
				B4D89D3C1C34EBB100790F7F /* Debug */,
				B4D89D3D1C34EBB100790F7F /* Release */,
			);
			defaultConfigurationIsVisible = 0;
			defaultConfigurationName = Release;
		};
		B4D89D3E1C34EBB100790F7F /* Build configuration list for PBXNativeTarget "better-bus" */ = {
			isa = XCConfigurationList;
			buildConfigurations = (
				B4D89D3F1C34EBB100790F7F /* Debug */,
				B4D89D401C34EBB100790F7F /* Release */,
			);
			defaultConfigurationIsVisible = 0;
		};
		B4D89D411C34EBB100790F7F /* Build configuration list for PBXNativeTarget "better-busTests" */ = {
			isa = XCConfigurationList;
			buildConfigurations = (
				B4D89D421C34EBB100790F7F /* Debug */,
				B4D89D431C34EBB100790F7F /* Release */,
			);
			defaultConfigurationIsVisible = 0;
		};
/* End XCConfigurationList section */
	};
	rootObject = B4D89D151C34EBB000790F7F /* Project object */;
}
